
Microsoft Visual Studio Solution File, Format Version 12.00
# Visual Studio Version 17
VisualStudioVersion = 17.14.37411.7 d17.14
MinimumVisualStudioVersion = 10.0.40219.1
Project("{FAE04EC0-301F-11D3-BF4B-00C04F79EFBC}") = "Test1_day6", "Test1_day6\Test1_day6.csproj", "{C2331D87-13D7-4812-89F2-32B6BD9F39F5}"
EndProject
Global
	GlobalSection(SolutionConfigurationPlatforms) = preSolution
		Debug|Any CPU = Debug|Any CPU
		Release|Any CPU = Release|Any CPU
	EndGlobalSection
	GlobalSection(ProjectConfigurationPlatforms) = postSolution
		{C2331D87-13D7-4812-89F2-32B6BD9F39F5}.Debug|Any CPU.ActiveCfg = Debug|Any CPU
		{C2331D87-13D7-4812-89F2-32B6BD9F39F5}.Debug|Any CPU.Build.0 = Debug|Any CPU
		{C2331D87-13D7-4812-89F2-32B6BD9F39F5}.Release|Any CPU.ActiveCfg = Release|Any CPU
		{C2331D87-13D7-4812-89F2-32B6BD9F39F5}.Release|Any CPU.Build.0 = Release|Any CPU
	EndGlobalSection
	GlobalSection(SolutionProperties) = preSolution
		HideSolutionNode = FALSE
	EndGlobalSection
	GlobalSection(ExtensibilityGlobals) = postSolution
		SolutionGuid = {02BA5C16-DEA6-4D49-9203-ED093EE50F61}
	EndGlobalSection
EndGlobal
