
Microsoft Visual Studio Solution File, Format Version 12.00
# Visual Studio Version 17
VisualStudioVersion = 17.14.37411.7
MinimumVisualStudioVersion = 10.0.40219.1
Project("{FAE04EC0-301F-11D3-BF4B-00C04F79EFBC}") = "CS_9_Example", "CS_9_Example\CS_9_Example.csproj", "{B61F9565-9B58-4BC2-992A-24BAB39BE25D}"
EndProject
Project("{2150E333-8FDC-42A3-9474-1A3956D46DE8}") = "06. 문자열 + A", "06. 문자열 + A", "{C8D5274F-AC00-46C7-1F8D-E88E81087A52}"
EndProject
Project("{2150E333-8FDC-42A3-9474-1A3956D46DE8}") = "01. 프로그래밍 입문 + 입출력", "01. 프로그래밍 입문 + 입출력", "{C3422BCF-4303-4E2C-AF8D-94BC900169FF}"
EndProject
Project("{FAE04EC0-301F-11D3-BF4B-00C04F79EFBC}") = "ConsoleApp1", "ConsoleApp1\ConsoleApp1.csproj", "{5CC9CB20-AFB5-491B-9BC7-6227866F29C4}"
EndProject
Project("{2150E333-8FDC-42A3-9474-1A3956D46DE8}") = "07. 문자열 + 사용자 정의 함수", "07. 문자열 + 사용자 정의 함수", "{78CBE78F-C5DE-4A6D-AC1B-638934D5B375}"
EndProject
Project("{FAE04EC0-301F-11D3-BF4B-00C04F79EFBC}") = "CS_9_Example.Lesson_07", "CS_9_Example.Lesson_07\CS_9_Example.Lesson_07.csproj", "{A3A054D2-C4BC-4EFF-8955-77C9EABB0E83}"
EndProject
Global
	GlobalSection(SolutionConfigurationPlatforms) = preSolution
		Debug|Any CPU = Debug|Any CPU
		Release|Any CPU = Release|Any CPU
	EndGlobalSection
	GlobalSection(ProjectConfigurationPlatforms) = postSolution
		{B61F9565-9B58-4BC2-992A-24BAB39BE25D}.Debug|Any CPU.ActiveCfg = Debug|Any CPU
		{B61F9565-9B58-4BC2-992A-24BAB39BE25D}.Debug|Any CPU.Build.0 = Debug|Any CPU
		{B61F9565-9B58-4BC2-992A-24BAB39BE25D}.Release|Any CPU.ActiveCfg = Release|Any CPU
		{B61F9565-9B58-4BC2-992A-24BAB39BE25D}.Release|Any CPU.Build.0 = Release|Any CPU
		{5CC9CB20-AFB5-491B-9BC7-6227866F29C4}.Debug|Any CPU.ActiveCfg = Debug|Any CPU
		{5CC9CB20-AFB5-491B-9BC7-6227866F29C4}.Debug|Any CPU.Build.0 = Debug|Any CPU
		{5CC9CB20-AFB5-491B-9BC7-6227866F29C4}.Release|Any CPU.ActiveCfg = Release|Any CPU
		{5CC9CB20-AFB5-491B-9BC7-6227866F29C4}.Release|Any CPU.Build.0 = Release|Any CPU
		{A3A054D2-C4BC-4EFF-8955-77C9EABB0E83}.Debug|Any CPU.ActiveCfg = Debug|Any CPU
		{A3A054D2-C4BC-4EFF-8955-77C9EABB0E83}.Debug|Any CPU.Build.0 = Debug|Any CPU
		{A3A054D2-C4BC-4EFF-8955-77C9EABB0E83}.Release|Any CPU.ActiveCfg = Release|Any CPU
		{A3A054D2-C4BC-4EFF-8955-77C9EABB0E83}.Release|Any CPU.Build.0 = Release|Any CPU
	EndGlobalSection
	GlobalSection(SolutionProperties) = preSolution
		HideSolutionNode = FALSE
	EndGlobalSection
	GlobalSection(NestedProjects) = preSolution
		{B61F9565-9B58-4BC2-992A-24BAB39BE25D} = {C3422BCF-4303-4E2C-AF8D-94BC900169FF}
		{5CC9CB20-AFB5-491B-9BC7-6227866F29C4} = {C8D5274F-AC00-46C7-1F8D-E88E81087A52}
		{A3A054D2-C4BC-4EFF-8955-77C9EABB0E83} = {78CBE78F-C5DE-4A6D-AC1B-638934D5B375}
	EndGlobalSection
	GlobalSection(ExtensibilityGlobals) = postSolution
		SolutionGuid = {1B3A0CA2-B317-4D5C-9C7A-6961B48F248D}
	EndGlobalSection
EndGlobal
