
Microsoft Visual Studio Solution File, Format Version 12.00
# Visual Studio Version 17
VisualStudioVersion = 17.14.37411.7 d17.14
MinimumVisualStudioVersion = 10.0.40219.1
Project("{FAE04EC0-301F-11D3-BF4B-00C04F79EFBC}") = "PromotionTest1", "PromotionTest1\PromotionTest1.csproj", "{BBBCFAF8-F131-4113-BAAF-48589372DE84}"
EndProject
Global
	GlobalSection(SolutionConfigurationPlatforms) = preSolution
		Debug|Any CPU = Debug|Any CPU
		Release|Any CPU = Release|Any CPU
	EndGlobalSection
	GlobalSection(ProjectConfigurationPlatforms) = postSolution
		{BBBCFAF8-F131-4113-BAAF-48589372DE84}.Debug|Any CPU.ActiveCfg = Debug|Any CPU
		{BBBCFAF8-F131-4113-BAAF-48589372DE84}.Debug|Any CPU.Build.0 = Debug|Any CPU
		{BBBCFAF8-F131-4113-BAAF-48589372DE84}.Release|Any CPU.ActiveCfg = Release|Any CPU
		{BBBCFAF8-F131-4113-BAAF-48589372DE84}.Release|Any CPU.Build.0 = Release|Any CPU
	EndGlobalSection
	GlobalSection(SolutionProperties) = preSolution
		HideSolutionNode = FALSE
	EndGlobalSection
	GlobalSection(ExtensibilityGlobals) = postSolution
		SolutionGuid = {3AD35414-FF65-40DF-8B25-3A393821D329}
	EndGlobalSection
EndGlobal
