
Microsoft Visual Studio Solution File, Format Version 12.00
# Visual Studio Version 17
VisualStudioVersion = 17.14.37411.7 d17.14
MinimumVisualStudioVersion = 10.0.40219.1
Project("{FAE04EC0-301F-11D3-BF4B-00C04F79EFBC}") = "PlayerImages", "PlayerImages\PlayerImages.csproj", "{AF9FE357-C913-497E-A83E-8CCD38A91235}"
EndProject
Global
	GlobalSection(SolutionConfigurationPlatforms) = preSolution
		Debug|Any CPU = Debug|Any CPU
		Release|Any CPU = Release|Any CPU
	EndGlobalSection
	GlobalSection(ProjectConfigurationPlatforms) = postSolution
		{AF9FE357-C913-497E-A83E-8CCD38A91235}.Debug|Any CPU.ActiveCfg = Debug|Any CPU
		{AF9FE357-C913-497E-A83E-8CCD38A91235}.Debug|Any CPU.Build.0 = Debug|Any CPU
		{AF9FE357-C913-497E-A83E-8CCD38A91235}.Release|Any CPU.ActiveCfg = Release|Any CPU
		{AF9FE357-C913-497E-A83E-8CCD38A91235}.Release|Any CPU.Build.0 = Release|Any CPU
	EndGlobalSection
	GlobalSection(SolutionProperties) = preSolution
		HideSolutionNode = FALSE
	EndGlobalSection
	GlobalSection(ExtensibilityGlobals) = postSolution
		SolutionGuid = {E202438B-1B6E-4133-A08E-1B86407D2CE6}
	EndGlobalSection
EndGlobal
