
Microsoft Visual Studio Solution File, Format Version 12.00
# Visual Studio Version 17
VisualStudioVersion = 17.14.37411.7
MinimumVisualStudioVersion = 10.0.40219.1
Project("{FAE04EC0-301F-11D3-BF4B-00C04F79EFBC}") = "MiniProject", "MiniProject\MiniProject.csproj", "{87E3CEED-D2B4-4B86-9262-3887800FF196}"
EndProject
Global
	GlobalSection(SolutionConfigurationPlatforms) = preSolution
		Debug|Any CPU = Debug|Any CPU
		Release|Any CPU = Release|Any CPU
	EndGlobalSection
	GlobalSection(ProjectConfigurationPlatforms) = postSolution
		{87E3CEED-D2B4-4B86-9262-3887800FF196}.Debug|Any CPU.ActiveCfg = Debug|Any CPU
		{87E3CEED-D2B4-4B86-9262-3887800FF196}.Debug|Any CPU.Build.0 = Debug|Any CPU
		{87E3CEED-D2B4-4B86-9262-3887800FF196}.Release|Any CPU.ActiveCfg = Release|Any CPU
		{87E3CEED-D2B4-4B86-9262-3887800FF196}.Release|Any CPU.Build.0 = Release|Any CPU
	EndGlobalSection
	GlobalSection(SolutionProperties) = preSolution
		HideSolutionNode = FALSE
	EndGlobalSection
	GlobalSection(ExtensibilityGlobals) = postSolution
		SolutionGuid = {97C7F5B0-C5F8-4479-A91E-0F9702812A94}
	EndGlobalSection
EndGlobal
