
Microsoft Visual Studio Solution File, Format Version 12.00
# Visual Studio Version 17
VisualStudioVersion = 17.14.37411.7 d17.14
MinimumVisualStudioVersion = 10.0.40219.1
Project("{FAE04EC0-301F-11D3-BF4B-00C04F79EFBC}") = "Test2_day3", "Test2_day3\Test2_day3.csproj", "{1154EE84-C49E-4B6A-BFC3-7A8BB2375245}"
EndProject
Global
	GlobalSection(SolutionConfigurationPlatforms) = preSolution
		Debug|Any CPU = Debug|Any CPU
		Release|Any CPU = Release|Any CPU
	EndGlobalSection
	GlobalSection(ProjectConfigurationPlatforms) = postSolution
		{1154EE84-C49E-4B6A-BFC3-7A8BB2375245}.Debug|Any CPU.ActiveCfg = Debug|Any CPU
		{1154EE84-C49E-4B6A-BFC3-7A8BB2375245}.Debug|Any CPU.Build.0 = Debug|Any CPU
		{1154EE84-C49E-4B6A-BFC3-7A8BB2375245}.Release|Any CPU.ActiveCfg = Release|Any CPU
		{1154EE84-C49E-4B6A-BFC3-7A8BB2375245}.Release|Any CPU.Build.0 = Release|Any CPU
	EndGlobalSection
	GlobalSection(SolutionProperties) = preSolution
		HideSolutionNode = FALSE
	EndGlobalSection
	GlobalSection(ExtensibilityGlobals) = postSolution
		SolutionGuid = {94E0A801-A47C-46EA-8003-90AC2BB36E97}
	EndGlobalSection
EndGlobal
