
Microsoft Visual Studio Solution File, Format Version 12.00
# Visual Studio Version 17
VisualStudioVersion = 17.14.37411.7 d17.14
MinimumVisualStudioVersion = 10.0.40219.1
Project("{FAE04EC0-301F-11D3-BF4B-00C04F79EFBC}") = "Test2_day2", "Test2_day2\Test2_day2.csproj", "{18EAA304-36EE-48E7-A4AC-373516F0D67C}"
EndProject
Global
	GlobalSection(SolutionConfigurationPlatforms) = preSolution
		Debug|Any CPU = Debug|Any CPU
		Release|Any CPU = Release|Any CPU
	EndGlobalSection
	GlobalSection(ProjectConfigurationPlatforms) = postSolution
		{18EAA304-36EE-48E7-A4AC-373516F0D67C}.Debug|Any CPU.ActiveCfg = Debug|Any CPU
		{18EAA304-36EE-48E7-A4AC-373516F0D67C}.Debug|Any CPU.Build.0 = Debug|Any CPU
		{18EAA304-36EE-48E7-A4AC-373516F0D67C}.Release|Any CPU.ActiveCfg = Release|Any CPU
		{18EAA304-36EE-48E7-A4AC-373516F0D67C}.Release|Any CPU.Build.0 = Release|Any CPU
	EndGlobalSection
	GlobalSection(SolutionProperties) = preSolution
		HideSolutionNode = FALSE
	EndGlobalSection
	GlobalSection(ExtensibilityGlobals) = postSolution
		SolutionGuid = {47D51643-49A6-4132-AEA7-B3A04B7C816D}
	EndGlobalSection
EndGlobal
